{
    "_meta": {
        "hash": {
            "sha256": "bc89db76b696378c419ef683b3f86e06ff8f79a49dbd85ffe9903648334b1f29"
        },
        "requires": {},
        "sources": [
            {
                "url": "https://pypi.python.org/simple",
                "verify_ssl": true
            }
        ]
    },
    "default": {
        "babel": {
            "version": "==2.5.1"
        },
        "click": {
            "version": "==6.7"
        },
        "flask": {
            "version": "==0.12.2"
        },
        "itsdangerous": {
            "version": "==0.24"
        },
        "jinja2": {
            "version": "==2.9.6"
        },
        "markupsafe": {
            "version": "==1.0"
        },
        "pytz": {
            "version": "==2017.3"
        },
        "werkzeug": {
            "version": "==0.12.2"
        }
    },
    "develop": {}
}
